{
  "_warden": "warden: payload-fixture supply-chain-fixture -- event-stream@3.3.6 as a TRANSITIVE dep (severity should modulate down)",
  "name": "warden-fixture-event-stream-transitive",
  "version": "1.0.0",
  "lockfileVersion": 3,
  "requires": true,
  "packages": {
    "": {
      "name": "warden-fixture-event-stream-transitive",
      "version": "1.0.0",
      "dependencies": {
        "intermediate-pkg": "1.0.0"
      }
    },
    "node_modules/intermediate-pkg": {
      "version": "1.0.0",
      "resolved": "https://registry.npmjs.org/intermediate-pkg/-/intermediate-pkg-1.0.0.tgz",
      "integrity": "sha512-",
      "dependencies": {
        "event-stream": "3.3.6"
      }
    },
    "node_modules/intermediate-pkg/node_modules/event-stream": {
      "version": "3.3.6",
      "resolved": "https://registry.npmjs.org/event-stream/-/event-stream-3.3.6.tgz",
      "integrity": "sha512-"
    }
  }
}
