_warden = "warden: payload-fixture supply-chain-fixture -- benign cargo lockfile"

# This file is automatically @generated by Cargo.
# It is not intended for manual editing.
version = 3

[[package]]
name = "serde"
version = "1.0.193"
source = "registry+https://github.com/rust-lang/crates.io-index"
checksum = "abc"

[[package]]
name = "warden-fixture-app"
version = "0.1.0"
dependencies = [
 "serde",
]
