{
  "_warden": "warden: payload-fixture supply-chain-fixture -- benign npm lockfile, expected to produce zero findings",
  "name": "warden-fixture-npm-clean",
  "version": "1.0.0",
  "lockfileVersion": 3,
  "requires": true,
  "packages": {
    "": {
      "name": "warden-fixture-npm-clean",
      "version": "1.0.0",
      "dependencies": {
        "event-stream": "4.0.1"
      }
    },
    "node_modules/event-stream": {
      "version": "4.0.1",
      "resolved": "https://registry.npmjs.org/event-stream/-/event-stream-4.0.1.tgz",
      "integrity": "sha512-"
    }
  }
}
