{
  "_warden": "warden: payload-fixture supply-chain-fixture -- known event-stream@3.3.6 / GHSA-mh6f-8j2x-4483 (ADR 0016)",
  "name": "warden-fixture-event-stream-direct",
  "version": "1.0.0",
  "lockfileVersion": 3,
  "requires": true,
  "packages": {
    "": {
      "name": "warden-fixture-event-stream-direct",
      "version": "1.0.0",
      "dependencies": {
        "event-stream": "3.3.6"
      }
    },
    "node_modules/event-stream": {
      "version": "3.3.6",
      "resolved": "https://registry.npmjs.org/event-stream/-/event-stream-3.3.6.tgz",
      "integrity": "sha512-",
      "dependencies": {
        "flatmap-stream": "0.1.1"
      }
    },
    "node_modules/flatmap-stream": {
      "version": "0.1.1",
      "resolved": "https://registry.npmjs.org/flatmap-stream/-/flatmap-stream-0.1.1.tgz",
      "integrity": "sha512-"
    }
  }
}
